<?xml version="1.0" encoding="utf-8"?>
<Project ToolsVersion="4.0" xmlns="http://schemas.microsoft.com/developer/msbuild/2003">
  <ItemGroup>
    <Filter Include="ソース ファイル">
      <UniqueIdentifier>{4FC737F1-C7A5-4376-A066-2A32D752A2FF}</UniqueIdentifier>
      <Extensions>cpp;c;cc;cxx;c++;cppm;ixx;def;odl;idl;hpj;bat;asm;asmx</Extensions>
    </Filter>
    <Filter Include="ヘッダー ファイル">
      <UniqueIdentifier>{93995380-89BD-4b04-88EB-625FBE52EBFB}</UniqueIdentifier>
      <Extensions>h;hh;hpp;hxx;h++;hm;inl;inc;ipp;xsd</Extensions>
    </Filter>
    <Filter Include="リソース ファイル">
      <UniqueIdentifier>{67DA6AB6-F800-4c08-8B7A-83BB121AAD01}</UniqueIdentifier>
      <Extensions>rc;ico;cur;bmp;dlg;rc2;rct;bin;rgs;gif;jpg;jpeg;jpe;resx;tiff;tif;png;wav;mfcribbon-ms</Extensions>
    </Filter>
    <Filter Include="Source">
      <UniqueIdentifier>{19b38c2e-67f9-44a7-aac8-fca8ff383a77}</UniqueIdentifier>
    </Filter>
    <Filter Include="Source\Main">
      <UniqueIdentifier>{5fc564b5-66ba-4ae1-8e8c-f86659d5c1b0}</UniqueIdentifier>
    </Filter>
    <Filter Include="Source\Utility">
      <UniqueIdentifier>{bd821304-82ff-48b2-9256-9bb628751eec}</UniqueIdentifier>
    </Filter>
    <Filter Include="Source\Math">
      <UniqueIdentifier>{24b72d18-f53d-4beb-86c1-bd8af754650b}</UniqueIdentifier>
    </Filter>
    <Filter Include="Source\Core">
      <UniqueIdentifier>{cb96dc95-9fad-484d-a680-51411f05ab20}</UniqueIdentifier>
    </Filter>
    <Filter Include="Source\Entities">
      <UniqueIdentifier>{cb4fd41c-37dd-4cdf-9357-ee389284344c}</UniqueIdentifier>
    </Filter>
    <Filter Include="Source\Managers">
      <UniqueIdentifier>{04ead1d4-24f0-4c02-b00a-ec080423036e}</UniqueIdentifier>
    </Filter>
    <Filter Include="Source\Rendering">
      <UniqueIdentifier>{f5dea29a-0d79-4491-a645-998b90c4f1b5}</UniqueIdentifier>
    </Filter>
  </ItemGroup>
  <ItemGroup>
    <ClCompile Include="Main.cpp">
      <Filter>Source\Main</Filter>
    </ClCompile>
    <ClCompile Include="Game.cpp">
      <Filter>Source\Core</Filter>
    </ClCompile>
    <ClCompile Include="InputSystem.cpp">
      <Filter>ソース ファイル</Filter>
    </ClCompile>
    <ClCompile Include="Paddle.cpp">
      <Filter>Source\Entities</Filter>
    </ClCompile>
  </ItemGroup>
  <ItemGroup>
    <ClInclude Include="UtilityData.h">
      <Filter>Source\Utility</Filter>
    </ClInclude>
    <ClInclude Include="Vector2.h">
      <Filter>Source\Math</Filter>
    </ClInclude>
    <ClInclude Include="Game.h">
      <Filter>Source\Core</Filter>
    </ClInclude>
    <ClInclude Include="Paddle.h">
      <Filter>Source\Entities</Filter>
    </ClInclude>
    <ClInclude Include="Ball.h">
      <Filter>Source\Entities</Filter>
    </ClInclude>
    <ClInclude Include="CollisionChecker.h">
      <Filter>Source\Managers</Filter>
    </ClInclude>
    <ClInclude Include="Renderer.h">
      <Filter>Source\Rendering</Filter>
    </ClInclude>
    <ClInclude Include="InputSystem.h">
      <Filter>Source\Core</Filter>
    </ClInclude>
  </ItemGroup>
</Project>